
Microsoft Visual Studio Solution File, Format Version 12.00
# Visual Studio Version 17
VisualStudioVersion = 17.7.34018.315
MinimumVisualStudioVersion = 10.0.40219.1
Project("{9A19103F-16F7-4668-BE54-9A1E7A4F7556}") = "Task1", "Task1.csproj", "{0F2F0941-5279-4D52-B1E6-E27C39E3208F}"
EndProject
Project("{9A19103F-16F7-4668-BE54-9A1E7A4F7556}") = "Task2", "..\Task2\Task2.csproj", "{F8C9DB38-080D-41E1-A569-95B4049DF836}"
EndProject
Project("{FAE04EC0-301F-11D3-BF4B-00C04F79EFBC}") = "Task3", "..\Task3\Task3.csproj", "{EAE7024B-9AA1-46B5-A781-6CEFB541E5E4}"
EndProject
Global
	GlobalSection(SolutionConfigurationPlatforms) = preSolution
		Debug|Any CPU = Debug|Any CPU
		Release|Any CPU = Release|Any CPU
	EndGlobalSection
	GlobalSection(ProjectConfigurationPlatforms) = postSolution
		{0F2F0941-5279-4D52-B1E6-E27C39E3208F}.Debug|Any CPU.ActiveCfg = Debug|Any CPU
		{0F2F0941-5279-4D52-B1E6-E27C39E3208F}.Debug|Any CPU.Build.0 = Debug|Any CPU
		{0F2F0941-5279-4D52-B1E6-E27C39E3208F}.Release|Any CPU.ActiveCfg = Release|Any CPU
		{0F2F0941-5279-4D52-B1E6-E27C39E3208F}.Release|Any CPU.Build.0 = Release|Any CPU
		{F8C9DB38-080D-41E1-A569-95B4049DF836}.Debug|Any CPU.ActiveCfg = Debug|Any CPU
		{F8C9DB38-080D-41E1-A569-95B4049DF836}.Debug|Any CPU.Build.0 = Debug|Any CPU
		{F8C9DB38-080D-41E1-A569-95B4049DF836}.Release|Any CPU.ActiveCfg = Release|Any CPU
		{F8C9DB38-080D-41E1-A569-95B4049DF836}.Release|Any CPU.Build.0 = Release|Any CPU
		{EAE7024B-9AA1-46B5-A781-6CEFB541E5E4}.Debug|Any CPU.ActiveCfg = Debug|Any CPU
		{EAE7024B-9AA1-46B5-A781-6CEFB541E5E4}.Debug|Any CPU.Build.0 = Debug|Any CPU
		{EAE7024B-9AA1-46B5-A781-6CEFB541E5E4}.Release|Any CPU.ActiveCfg = Release|Any CPU
		{EAE7024B-9AA1-46B5-A781-6CEFB541E5E4}.Release|Any CPU.Build.0 = Release|Any CPU
	EndGlobalSection
	GlobalSection(SolutionProperties) = preSolution
		HideSolutionNode = FALSE
	EndGlobalSection
	GlobalSection(ExtensibilityGlobals) = postSolution
		SolutionGuid = {2D6DBB1F-2B58-4C62-8E32-C33013182559}
	EndGlobalSection
EndGlobal
